
Microsoft Visual Studio Solution File, Format Version 12.00
# Visual Studio Version 16
VisualStudioVersion = 16.0.29424.173
MinimumVisualStudioVersion = 10.0.40219.1
Project("{FAE04EC0-301F-11D3-BF4B-00C04F79EFBC}") = "MiniProject", "MiniProject\MiniProject.csproj", "{7F46BBC8-8912-47AF-9B10-5739C53731FE}"
EndProject
Global
	GlobalSection(SolutionConfigurationPlatforms) = preSolution
		Debug|Any CPU = Debug|Any CPU
		Release|Any CPU = Release|Any CPU
	EndGlobalSection
	GlobalSection(ProjectConfigurationPlatforms) = postSolution
		{7F46BBC8-8912-47AF-9B10-5739C53731FE}.Debug|Any CPU.ActiveCfg = Debug|Any CPU
		{7F46BBC8-8912-47AF-9B10-5739C53731FE}.Debug|Any CPU.Build.0 = Debug|Any CPU
		{7F46BBC8-8912-47AF-9B10-5739C53731FE}.Release|Any CPU.ActiveCfg = Release|Any CPU
		{7F46BBC8-8912-47AF-9B10-5739C53731FE}.Release|Any CPU.Build.0 = Release|Any CPU
	EndGlobalSection
	GlobalSection(SolutionProperties) = preSolution
		HideSolutionNode = FALSE
	EndGlobalSection
	GlobalSection(ExtensibilityGlobals) = postSolution
		SolutionGuid = {8A7AE21E-ACBB-4E67-9028-50616464CC93}
	EndGlobalSection
EndGlobal
